[[package]]
name = "core"
source = "path+from-root-E19CE48B3E858B72"

[[package]]
name = "native-asset-contract"
source = "member"
dependencies = [
    "standards git+https://github.com/FuelLabs/sway-standards?tag=v0.6.1#792639cdf391565e6e6a02482ea8a46d9604a6f5",
    "std",
    "sway_libs",
]

[[package]]
name = "standards"
source = "git+https://github.com/FuelLabs/sway-standards?tag=v0.6.0#65e09f95ea8b9476b171a66c8a47108f352fa32c"
dependencies = ["std"]

[[package]]
name = "standards"
source = "git+https://github.com/FuelLabs/sway-standards?tag=v0.6.1#792639cdf391565e6e6a02482ea8a46d9604a6f5"
dependencies = ["std"]

[[package]]
name = "std"
source = "git+https://github.com/fuellabs/sway?tag=v0.60.0#2f0392ee35a1e4dd80bd8034962d5b4083dfb8b6"
dependencies = ["core"]

[[package]]
name = "sway_libs"
source = "git+https://github.com/FuelLabs/sway-libs?tag=v0.24.0#e19f96f85ae12426d20adc176b70aa38fd9a2a5b"
dependencies = [
    "standards git+https://github.com/FuelLabs/sway-standards?tag=v0.6.0#65e09f95ea8b9476b171a66c8a47108f352fa32c",
    "std",
]
