[[package]]
name = 'DAO-contract'
source = 'member'
dependencies = ['std']

[[package]]
name = 'core'
source = 'path+from-root-B313E39BF6A5D375'

[[package]]
name = 'gov_token'
source = 'member'
dependencies = ['std']

[[package]]
name = 'std'
source = 'git+https://github.com/fuellabs/sway?tag=v0.39.1#e3065657c907225a8fdfe2d2210a7a3bd2b55c73'
dependencies = ['core']
