[[package]]
name = "core"
source = "path+from-root-B77DA2F383183718"

[[package]]
name = "f-NFT-contract"
source = "member"
dependencies = [
    "src20",
    "src6",
    "std",
]

[[package]]
name = "src20"
source = "git+https://github.com/FuelLabs/sway-standards?tag=v0.3.0#718d51fdfdbdf4d399c8f281e31462a9f35f0304"
dependencies = ["std"]

[[package]]
name = "src6"
source = "git+https://github.com/FuelLabs/sway-standards?tag=v0.3.0#718d51fdfdbdf4d399c8f281e31462a9f35f0304"
dependencies = ["std"]

[[package]]
name = "std"
source = "git+https://github.com/fuellabs/sway?tag=v0.48.1#6886ef050ce62afd3fe3186ed562fd33bd76bffa"
dependencies = ["core"]
