[[package]]
name = "NFT-contract"
source = "member"
dependencies = [
    "standards",
    "std",
    "sway_libs",
]

[[package]]
name = "core"
source = "path+from-root-9889F771D40C5D34"

[[package]]
name = "standards"
source = "git+https://github.com/FuelLabs/sway-standards?tag=v0.4.1#0a6f3ba0bce036a0ce61f15ed4480c71af32d3aa"
dependencies = ["std"]

[[package]]
name = "std"
source = "git+https://github.com/fuellabs/sway?tag=v0.53.0#b30f0e83d3f3d336007e3dfce45a48a87e731345"
dependencies = ["core"]

[[package]]
name = "sway_libs"
source = "git+https://github.com/FuelLabs/sway-libs?tag=v0.20.1#34a2d5a0f118a72c972153ca44140c0f5f78a680"
dependencies = [
    "standards",
    "std",
]
