[[package]]
name = "NFT-contract"
source = "member"
dependencies = [
    "standards",
    "std",
    "sway_libs",
]

[[package]]
name = "core"
source = "path+from-root-052C5FCD3614F738"

[[package]]
name = "standards"
source = "git+https://github.com/FuelLabs/sway-standards?branch=bitzoic-bump-v0.53.0#c376885a0ba11a1670c435fe82a07c348c74c88f"
dependencies = ["std"]

[[package]]
name = "std"
source = "git+https://github.com/fuellabs/sway?tag=v0.52.0#98d8f4cadbac34f232926b9a44b1170ec9da425d"
dependencies = ["core"]

[[package]]
name = "sway_libs"
source = "git+https://github.com/FuelLabs/sway-libs?branch=bitzoic-bump-v0.52#cb6ccae2834f01cecc8b691b1bfa30bd84e6a220"
dependencies = [
    "standards",
    "std",
]
