[[package]]
name = "auction-contract"
source = "member"
dependencies = ["std"]

[[package]]
name = "core"
source = "path+from-root-A32DAA0058CD511E"

[[package]]
name = "std"
source = "git+https://github.com/fuellabs/sway?branch=feat/transaction-policies#f734a0a054ac52c3f39adb6ae2b004b4f69d2ff2"
dependencies = ["core"]
