[[package]]
name = "auction-contract"
source = "member"
dependencies = ["std"]

[[package]]
name = "core"
source = "path+from-root-C8151CEA96BFFBEE"

[[package]]
name = "std"
source = "git+https://github.com/fuellabs/sway?branch=feat/transaction-policies#ab408484d14dc368ba6ed77d8e069cce0eb47fe4"
dependencies = ["core"]
