[[package]]
name = 'core'
source = 'path+from-root-91563E0DA237BDEC'

[[package]]
name = 'dutch-auction'
source = 'member'
dependencies = [
    'std',
    'storagemapvec',
]

[[package]]
name = 'std'
source = 'git+https://github.com/fuellabs/sway?tag=v0.37.1#83e5479462ed2883591669a42552606ac25f0a04'
dependencies = ['core']

[[package]]
name = 'storagemapvec'
source = 'git+https://github.com/FuelLabs/sway-libs?default-branch#3c2a68bfd884e310b8f12bd73d2d1b042708ad70'
dependencies = ['std']
