[[package]]
name = 'core'
source = 'path+from-root-2C66FC65A00ECA96'

[[package]]
name = 'dutch-auction'
source = 'member'
dependencies = [
    'std',
    'storagemapvec',
]

[[package]]
name = 'std'
source = 'git+https://github.com/fuellabs/sway?tag=v0.35.5#49eae2dd93a1957e2a2c2fb3f51b11eb3791fc24'
dependencies = ['core']

[[package]]
name = 'storagemapvec'
source = 'git+https://github.com/FuelLabs/sway-libs?default-branch#2e25453eb2b8050996b9d3143d02821a3ed1632e'
dependencies = ['std']
