[[package]]
name = "NFT-contract"
source = "member"
dependencies = [
    "src_20",
    "src_3",
    "src_7",
    "std",
    "token",
]

[[package]]
name = "core"
source = "path+from-root-B77DA2F383183718"

[[package]]
name = "src_20"
source = "git+https://github.com/FuelLabs/sway-standards?tag=v0.2.2#6989cf8224b0d8aabea62f3d3c648fc754948705"
dependencies = ["std"]

[[package]]
name = "src_3"
source = "git+https://github.com/FuelLabs/sway-standards?tag=v0.2.2#6989cf8224b0d8aabea62f3d3c648fc754948705"
dependencies = ["std"]

[[package]]
name = "src_7"
source = "git+https://github.com/FuelLabs/sway-standards?tag=v0.2.2#6989cf8224b0d8aabea62f3d3c648fc754948705"
dependencies = ["std"]

[[package]]
name = "std"
source = "git+https://github.com/fuellabs/sway?tag=v0.48.1#6886ef050ce62afd3fe3186ed562fd33bd76bffa"
dependencies = ["core"]

[[package]]
name = "token"
source = "git+https://github.com/FuelLabs/sway-libs?tag=v0.17.2#5d69f665207158517eba14c35c7d28cb1cb93aa9"
dependencies = [
    "src_7",
    "std",
]
