[[package]]
name = 'core'
dependencies = []

[[package]]
name = 'std'
source = 'git+https://github.com/fuellabs/sway?tag=v0.13.1#d73d9d2b4b547e2035ddfe085d439de56ccee1f0'
dependencies = ['core']

[[package]]
name = 'wallet_contract'
dependencies = ['std git+https://github.com/fuellabs/sway?tag=v0.13.1#d73d9d2b4b547e2035ddfe085d439de56ccee1f0']
