[[package]]
name = "AMM-contract"
source = "member"
dependencies = [
    "libraries",
    "std",
]

[[package]]
name = "atomic-add-liquidity"
source = "member"
dependencies = [
    "libraries",
    "std",
]

[[package]]
name = "core"
source = "path+from-root-70CB2D704C8C2A3A"

[[package]]
name = "exchange-contract"
source = "member"
dependencies = [
    "libraries",
    "std",
]

[[package]]
name = "libraries"
source = "path+from-root-0A0D5AF9717FBB89"
dependencies = ["std"]

[[package]]
name = "malicious-implementation"
source = "member"
dependencies = [
    "libraries",
    "std",
]

[[package]]
name = "std"
source = "git+https://github.com/fuellabs/sway?branch=feat/transaction-policies#1591519e4f7c34edc62f07d1ef8ea01f72967fc3"
dependencies = ["core"]

[[package]]
name = "swap-exact-input"
source = "member"
dependencies = [
    "libraries",
    "std",
]

[[package]]
name = "swap-exact-output"
source = "member"
dependencies = [
    "libraries",
    "std",
]
