[[package]]
name = "core"
source = "path+from-root-B672DC9E3D340CD2"

[[package]]
name = "std"
source = "git+https://github.com/fuellabs/sway?tag=v0.49.2#a70c746d27b3300beef896ccd1dcce1299836192"
dependencies = ["core"]

[[package]]
name = "tictactoe-contract"
source = "member"
dependencies = ["std"]
