[[package]]
name = "core"
source = "path+from-root-A32DAA0058CD511E"

[[package]]
name = "distributor-contract"
source = "member"
dependencies = [
    "merkle_proof",
    "std",
]

[[package]]
name = "merkle_proof"
source = "git+https://github.com/FuelLabs/sway-libs?branch=ls/feat/std-policies-branch#2cb5cc2ccb1e26d99568530e84e42ffcc0e6f338"
dependencies = ["std"]

[[package]]
name = "std"
source = "git+https://github.com/fuellabs/sway?branch=feat/transaction-policies#f734a0a054ac52c3f39adb6ae2b004b4f69d2ff2"
dependencies = ["core"]
