[[package]]
name = "core"
source = "path+from-root-C8151CEA96BFFBEE"

[[package]]
name = "distributor-contract"
source = "member"
dependencies = [
    "merkle_proof",
    "std",
]

[[package]]
name = "merkle_proof"
source = "git+https://github.com/FuelLabs/sway-libs?branch=ls/feat/std-policies-branch#2cb5cc2ccb1e26d99568530e84e42ffcc0e6f338"
dependencies = ["std"]

[[package]]
name = "std"
source = "git+https://github.com/fuellabs/sway?branch=feat/transaction-policies#ab408484d14dc368ba6ed77d8e069cce0eb47fe4"
dependencies = ["core"]
