[[package]]
name = 'asset-contract'
source = 'member'
dependencies = ['std']

[[package]]
name = 'core'
source = 'path+from-root-9BFE6D5D0CBDF740'

[[package]]
name = 'distributor-contract'
source = 'member'
dependencies = [
    'merkle_proof',
    'std',
]

[[package]]
name = 'merkle_proof'
source = 'git+https://github.com/FuelLabs/sway-libs?tag=v0.12.0#063f118a3104adb6a04207ca877993b5ad03a492'
dependencies = ['std']

[[package]]
name = 'std'
source = 'git+https://github.com/fuellabs/sway?tag=v0.42.1#3b66f8e424bd21e3ba467783b10b36e808cfa6ee'
dependencies = ['core']
