[[package]]
name = "core"
source = "path+from-root-E7647BED69F133DD"

[[package]]
name = "registry-contract"
source = "member"
dependencies = ["std"]

[[package]]
name = "std"
source = "git+https://github.com/fuellabs/sway?branch=feat/transaction-policies#517eccbfdfe863f0e90db48415dcf7af554feb3f"
dependencies = ["core"]
